
Microsoft Visual Studio Solution File, Format Version 12.00
# Visual Studio Version 17
VisualStudioVersion = 17.11.35312.102
MinimumVisualStudioVersion = 10.0.40219.1
Project("{FAE04EC0-301F-11D3-BF4B-00C04F79EFBC}") = "Poker", "Poker\Poker.csproj", "{54CBA6F1-8EB5-45F3-97AA-190C49A247AB}"
EndProject
Global
	GlobalSection(SolutionConfigurationPlatforms) = preSolution
		Debug|Any CPU = Debug|Any CPU
		Release|Any CPU = Release|Any CPU
	EndGlobalSection
	GlobalSection(ProjectConfigurationPlatforms) = postSolution
		{54CBA6F1-8EB5-45F3-97AA-190C49A247AB}.Debug|Any CPU.ActiveCfg = Debug|Any CPU
		{54CBA6F1-8EB5-45F3-97AA-190C49A247AB}.Debug|Any CPU.Build.0 = Debug|Any CPU
		{54CBA6F1-8EB5-45F3-97AA-190C49A247AB}.Release|Any CPU.ActiveCfg = Release|Any CPU
		{54CBA6F1-8EB5-45F3-97AA-190C49A247AB}.Release|Any CPU.Build.0 = Release|Any CPU
	EndGlobalSection
	GlobalSection(SolutionProperties) = preSolution
		HideSolutionNode = FALSE
	EndGlobalSection
	GlobalSection(ExtensibilityGlobals) = postSolution
		SolutionGuid = {EAEFAB47-CBB5-48DA-8FC6-52B9DA7FD235}
	EndGlobalSection
EndGlobal
